
Microsoft Visual Studio Solution File, Format Version 12.00
# Visual Studio Version 17
VisualStudioVersion = 17.3.32901.215
MinimumVisualStudioVersion = 10.0.40219.1
Project("{FAE04EC0-301F-11D3-BF4B-00C04F79EFBC}") = "BLL", "BLL\BLL.csproj", "{5132809E-C015-037C-2E7B-24881E6BB7CB}"
EndProject
Project("{FAE04EC0-301F-11D3-BF4B-00C04F79EFBC}") = "BEL", "BEL\BEL.csproj", "{B3A60DCA-8662-0B65-33A8-23BDD1F2D73D}"
EndProject
Project("{FAE04EC0-301F-11D3-BF4B-00C04F79EFBC}") = "Servicios", "Servicios\Servicios.csproj", "{8690AA23-A582-0217-1151-5C942821F4D6}"
EndProject
Project("{FAE04EC0-301F-11D3-BF4B-00C04F79EFBC}") = "AppDeposito", "AppDeposito\AppDeposito.csproj", "{4A831CA8-91E7-41F2-AFF4-638DCCE62DDA}"
EndProject
Project("{FAE04EC0-301F-11D3-BF4B-00C04F79EFBC}") = "Comun", "Comun\Comun.csproj", "{07E9B656-91AA-4343-A1C5-6F403717F8A0}"
EndProject
Project("{FAE04EC0-301F-11D3-BF4B-00C04F79EFBC}") = "DAL", "DAL\DAL.csproj", "{FA4CC77D-22C8-437E-AD25-B2F8B1A0EC9B}"
EndProject
Global
	GlobalSection(SolutionConfigurationPlatforms) = preSolution
		Debug|Any CPU = Debug|Any CPU
		Debug|x64 = Debug|x64
		Debug|x86 = Debug|x86
		Release|Any CPU = Release|Any CPU
		Release|x64 = Release|x64
		Release|x86 = Release|x86
	EndGlobalSection
	GlobalSection(ProjectConfigurationPlatforms) = postSolution
		{5132809E-C015-037C-2E7B-24881E6BB7CB}.Debug|Any CPU.ActiveCfg = Debug|Any CPU
		{5132809E-C015-037C-2E7B-24881E6BB7CB}.Debug|Any CPU.Build.0 = Debug|Any CPU
		{5132809E-C015-037C-2E7B-24881E6BB7CB}.Debug|x64.ActiveCfg = Debug|x64
		{5132809E-C015-037C-2E7B-24881E6BB7CB}.Debug|x64.Build.0 = Debug|x64
		{5132809E-C015-037C-2E7B-24881E6BB7CB}.Debug|x86.ActiveCfg = Debug|Any CPU
		{5132809E-C015-037C-2E7B-24881E6BB7CB}.Debug|x86.Build.0 = Debug|Any CPU
		{5132809E-C015-037C-2E7B-24881E6BB7CB}.Release|Any CPU.ActiveCfg = Release|Any CPU
		{5132809E-C015-037C-2E7B-24881E6BB7CB}.Release|Any CPU.Build.0 = Release|Any CPU
		{5132809E-C015-037C-2E7B-24881E6BB7CB}.Release|x64.ActiveCfg = Release|x64
		{5132809E-C015-037C-2E7B-24881E6BB7CB}.Release|x64.Build.0 = Release|x64
		{5132809E-C015-037C-2E7B-24881E6BB7CB}.Release|x86.ActiveCfg = Release|Any CPU
		{5132809E-C015-037C-2E7B-24881E6BB7CB}.Release|x86.Build.0 = Release|Any CPU
		{B3A60DCA-8662-0B65-33A8-23BDD1F2D73D}.Debug|Any CPU.ActiveCfg = Debug|Any CPU
		{B3A60DCA-8662-0B65-33A8-23BDD1F2D73D}.Debug|Any CPU.Build.0 = Debug|Any CPU
		{B3A60DCA-8662-0B65-33A8-23BDD1F2D73D}.Debug|x64.ActiveCfg = Debug|x64
		{B3A60DCA-8662-0B65-33A8-23BDD1F2D73D}.Debug|x64.Build.0 = Debug|x64
		{B3A60DCA-8662-0B65-33A8-23BDD1F2D73D}.Debug|x86.ActiveCfg = Debug|Any CPU
		{B3A60DCA-8662-0B65-33A8-23BDD1F2D73D}.Debug|x86.Build.0 = Debug|Any CPU
		{B3A60DCA-8662-0B65-33A8-23BDD1F2D73D}.Release|Any CPU.ActiveCfg = Release|Any CPU
		{B3A60DCA-8662-0B65-33A8-23BDD1F2D73D}.Release|Any CPU.Build.0 = Release|Any CPU
		{B3A60DCA-8662-0B65-33A8-23BDD1F2D73D}.Release|x64.ActiveCfg = Release|x64
		{B3A60DCA-8662-0B65-33A8-23BDD1F2D73D}.Release|x64.Build.0 = Release|x64
		{B3A60DCA-8662-0B65-33A8-23BDD1F2D73D}.Release|x86.ActiveCfg = Release|Any CPU
		{B3A60DCA-8662-0B65-33A8-23BDD1F2D73D}.Release|x86.Build.0 = Release|Any CPU
		{8690AA23-A582-0217-1151-5C942821F4D6}.Debug|Any CPU.ActiveCfg = Debug|Any CPU
		{8690AA23-A582-0217-1151-5C942821F4D6}.Debug|Any CPU.Build.0 = Debug|Any CPU
		{8690AA23-A582-0217-1151-5C942821F4D6}.Debug|x64.ActiveCfg = Debug|x64
		{8690AA23-A582-0217-1151-5C942821F4D6}.Debug|x64.Build.0 = Debug|x64
		{8690AA23-A582-0217-1151-5C942821F4D6}.Debug|x86.ActiveCfg = Debug|Any CPU
		{8690AA23-A582-0217-1151-5C942821F4D6}.Debug|x86.Build.0 = Debug|Any CPU
		{8690AA23-A582-0217-1151-5C942821F4D6}.Release|Any CPU.ActiveCfg = Release|Any CPU
		{8690AA23-A582-0217-1151-5C942821F4D6}.Release|Any CPU.Build.0 = Release|Any CPU
		{8690AA23-A582-0217-1151-5C942821F4D6}.Release|x64.ActiveCfg = Release|x64
		{8690AA23-A582-0217-1151-5C942821F4D6}.Release|x64.Build.0 = Release|x64
		{8690AA23-A582-0217-1151-5C942821F4D6}.Release|x86.ActiveCfg = Release|Any CPU
		{8690AA23-A582-0217-1151-5C942821F4D6}.Release|x86.Build.0 = Release|Any CPU
		{4A831CA8-91E7-41F2-AFF4-638DCCE62DDA}.Debug|Any CPU.ActiveCfg = Debug|Any CPU
		{4A831CA8-91E7-41F2-AFF4-638DCCE62DDA}.Debug|Any CPU.Build.0 = Debug|Any CPU
		{4A831CA8-91E7-41F2-AFF4-638DCCE62DDA}.Debug|x64.ActiveCfg = Debug|x64
		{4A831CA8-91E7-41F2-AFF4-638DCCE62DDA}.Debug|x64.Build.0 = Debug|x64
		{4A831CA8-91E7-41F2-AFF4-638DCCE62DDA}.Debug|x86.ActiveCfg = Debug|x86
		{4A831CA8-91E7-41F2-AFF4-638DCCE62DDA}.Debug|x86.Build.0 = Debug|x86
		{4A831CA8-91E7-41F2-AFF4-638DCCE62DDA}.Release|Any CPU.ActiveCfg = Release|Any CPU
		{4A831CA8-91E7-41F2-AFF4-638DCCE62DDA}.Release|Any CPU.Build.0 = Release|Any CPU
		{4A831CA8-91E7-41F2-AFF4-638DCCE62DDA}.Release|x64.ActiveCfg = Release|x64
		{4A831CA8-91E7-41F2-AFF4-638DCCE62DDA}.Release|x64.Build.0 = Release|x64
		{4A831CA8-91E7-41F2-AFF4-638DCCE62DDA}.Release|x86.ActiveCfg = Release|x86
		{4A831CA8-91E7-41F2-AFF4-638DCCE62DDA}.Release|x86.Build.0 = Release|x86
		{07E9B656-91AA-4343-A1C5-6F403717F8A0}.Debug|Any CPU.ActiveCfg = Debug|Any CPU
		{07E9B656-91AA-4343-A1C5-6F403717F8A0}.Debug|Any CPU.Build.0 = Debug|Any CPU
		{07E9B656-91AA-4343-A1C5-6F403717F8A0}.Debug|x64.ActiveCfg = Debug|x64
		{07E9B656-91AA-4343-A1C5-6F403717F8A0}.Debug|x64.Build.0 = Debug|x64
		{07E9B656-91AA-4343-A1C5-6F403717F8A0}.Debug|x86.ActiveCfg = Debug|Any CPU
		{07E9B656-91AA-4343-A1C5-6F403717F8A0}.Debug|x86.Build.0 = Debug|Any CPU
		{07E9B656-91AA-4343-A1C5-6F403717F8A0}.Release|Any CPU.ActiveCfg = Release|Any CPU
		{07E9B656-91AA-4343-A1C5-6F403717F8A0}.Release|Any CPU.Build.0 = Release|Any CPU
		{07E9B656-91AA-4343-A1C5-6F403717F8A0}.Release|x64.ActiveCfg = Release|x64
		{07E9B656-91AA-4343-A1C5-6F403717F8A0}.Release|x64.Build.0 = Release|x64
		{07E9B656-91AA-4343-A1C5-6F403717F8A0}.Release|x86.ActiveCfg = Release|Any CPU
		{07E9B656-91AA-4343-A1C5-6F403717F8A0}.Release|x86.Build.0 = Release|Any CPU
		{FA4CC77D-22C8-437E-AD25-B2F8B1A0EC9B}.Debug|Any CPU.ActiveCfg = Debug|Any CPU
		{FA4CC77D-22C8-437E-AD25-B2F8B1A0EC9B}.Debug|Any CPU.Build.0 = Debug|Any CPU
		{FA4CC77D-22C8-437E-AD25-B2F8B1A0EC9B}.Debug|x64.ActiveCfg = Debug|x64
		{FA4CC77D-22C8-437E-AD25-B2F8B1A0EC9B}.Debug|x64.Build.0 = Debug|x64
		{FA4CC77D-22C8-437E-AD25-B2F8B1A0EC9B}.Debug|x86.ActiveCfg = Debug|Any CPU
		{FA4CC77D-22C8-437E-AD25-B2F8B1A0EC9B}.Debug|x86.Build.0 = Debug|Any CPU
		{FA4CC77D-22C8-437E-AD25-B2F8B1A0EC9B}.Release|Any CPU.ActiveCfg = Release|Any CPU
		{FA4CC77D-22C8-437E-AD25-B2F8B1A0EC9B}.Release|Any CPU.Build.0 = Release|Any CPU
		{FA4CC77D-22C8-437E-AD25-B2F8B1A0EC9B}.Release|x64.ActiveCfg = Release|x64
		{FA4CC77D-22C8-437E-AD25-B2F8B1A0EC9B}.Release|x64.Build.0 = Release|x64
		{FA4CC77D-22C8-437E-AD25-B2F8B1A0EC9B}.Release|x86.ActiveCfg = Release|Any CPU
		{FA4CC77D-22C8-437E-AD25-B2F8B1A0EC9B}.Release|x86.Build.0 = Release|Any CPU
	EndGlobalSection
	GlobalSection(SolutionProperties) = preSolution
		HideSolutionNode = FALSE
	EndGlobalSection
	GlobalSection(ExtensibilityGlobals) = postSolution
		SolutionGuid = {2C2C0888-644A-41F4-A123-756E5ECEB84E}
	EndGlobalSection
EndGlobal
